
Microsoft Visual Studio Solution File, Format Version 12.00
# Visual Studio Version 16
VisualStudioVersion = 16.0.32510.428
MinimumVisualStudioVersion = 10.0.40219.1
Project("{FAE04EC0-301F-11D3-BF4B-00C04F79EFBC}") = "SpaApplication", "SpaApplication\SpaApplication.csproj", "{E1D8258C-B3B8-4746-9A6E-14DC401171F1}"
EndProject
Project("{FAE04EC0-301F-11D3-BF4B-00C04F79EFBC}") = "SpaFrontEndApp", "SpaFrontEndApp\SpaFrontEndApp.csproj", "{3479440F-9691-4775-8AE9-CE43983D7BD9}"
EndProject
Global
	GlobalSection(SolutionConfigurationPlatforms) = preSolution
		Debug|Any CPU = Debug|Any CPU
		Release|Any CPU = Release|Any CPU
	EndGlobalSection
	GlobalSection(ProjectConfigurationPlatforms) = postSolution
		{E1D8258C-B3B8-4746-9A6E-14DC401171F1}.Debug|Any CPU.ActiveCfg = Debug|Any CPU
		{E1D8258C-B3B8-4746-9A6E-14DC401171F1}.Debug|Any CPU.Build.0 = Debug|Any CPU
		{E1D8258C-B3B8-4746-9A6E-14DC401171F1}.Release|Any CPU.ActiveCfg = Release|Any CPU
		{E1D8258C-B3B8-4746-9A6E-14DC401171F1}.Release|Any CPU.Build.0 = Release|Any CPU
		{3479440F-9691-4775-8AE9-CE43983D7BD9}.Debug|Any CPU.ActiveCfg = Debug|Any CPU
		{3479440F-9691-4775-8AE9-CE43983D7BD9}.Debug|Any CPU.Build.0 = Debug|Any CPU
		{3479440F-9691-4775-8AE9-CE43983D7BD9}.Release|Any CPU.ActiveCfg = Release|Any CPU
		{3479440F-9691-4775-8AE9-CE43983D7BD9}.Release|Any CPU.Build.0 = Release|Any CPU
	EndGlobalSection
	GlobalSection(SolutionProperties) = preSolution
		HideSolutionNode = FALSE
	EndGlobalSection
	GlobalSection(ExtensibilityGlobals) = postSolution
		SolutionGuid = {28F753F8-4C22-4DF8-B5A3-CB7263BC7260}
	EndGlobalSection
EndGlobal
